
Microsoft Visual Studio Solution File, Format Version 12.00
# Visual Studio 14
VisualStudioVersion = 14.0.25420.1
MinimumVisualStudioVersion = 10.0.40219.1
Project("{2150E333-8FDC-42A3-9474-1A3956D46DE8}") = "Engine", "Engine", "{91398C5C-17BD-4FCD-BAD9-79BCB424329E}"
EndProject
Project("{2150E333-8FDC-42A3-9474-1A3956D46DE8}") = "Games", "Games", "{B0DAA606-94E9-4AF3-BA0B-093577F2A3A1}"
EndProject
Project("{8BC9CEB8-8B4A-11D0-8D11-00A0C91BC942}") = "UE4", "Intermediate\ProjectFiles\UE4.vcxproj", "{73C89C8B-DBD1-4A83-9DC1-E4E474F4165C}"
EndProject
Project("{8BC9CEB8-8B4A-11D0-8D11-00A0C91BC942}") = "Group1_Assignment1a", "Intermediate\ProjectFiles\Group1_Assignment1a.vcxproj", "{D5F19356-1D1B-49E3-BA60-24E6576A042B}"
EndProject
Global
	GlobalSection(SolutionConfigurationPlatforms) = preSolution
		DebugGame Editor|HTML5 = DebugGame Editor|HTML5
		DebugGame Editor|Win32 = DebugGame Editor|Win32
		DebugGame Editor|Win64 = DebugGame Editor|Win64
		DebugGame|HTML5 = DebugGame|HTML5
		DebugGame|Win32 = DebugGame|Win32
		DebugGame|Win64 = DebugGame|Win64
		Development Editor|HTML5 = Development Editor|HTML5
		Development Editor|Win32 = Development Editor|Win32
		Development Editor|Win64 = Development Editor|Win64
		Development|HTML5 = Development|HTML5
		Development|Win32 = Development|Win32
		Development|Win64 = Development|Win64
		Shipping|HTML5 = Shipping|HTML5
		Shipping|Win32 = Shipping|Win32
		Shipping|Win64 = Shipping|Win64
	EndGlobalSection
	GlobalSection(ProjectConfigurationPlatforms) = postSolution
		{73C89C8B-DBD1-4A83-9DC1-E4E474F4165C}.DebugGame Editor|HTML5.ActiveCfg = BuiltWithUnrealBuildTool|Win32
		{73C89C8B-DBD1-4A83-9DC1-E4E474F4165C}.DebugGame Editor|HTML5.Build.0 = BuiltWithUnrealBuildTool|Win32
		{73C89C8B-DBD1-4A83-9DC1-E4E474F4165C}.DebugGame Editor|Win32.ActiveCfg = BuiltWithUnrealBuildTool|Win32
		{73C89C8B-DBD1-4A83-9DC1-E4E474F4165C}.DebugGame Editor|Win32.Build.0 = BuiltWithUnrealBuildTool|Win32
		{73C89C8B-DBD1-4A83-9DC1-E4E474F4165C}.DebugGame Editor|Win64.ActiveCfg = BuiltWithUnrealBuildTool|Win32
		{73C89C8B-DBD1-4A83-9DC1-E4E474F4165C}.DebugGame Editor|Win64.Build.0 = BuiltWithUnrealBuildTool|Win32
		{73C89C8B-DBD1-4A83-9DC1-E4E474F4165C}.DebugGame|HTML5.ActiveCfg = BuiltWithUnrealBuildTool|Win32
		{73C89C8B-DBD1-4A83-9DC1-E4E474F4165C}.DebugGame|HTML5.Build.0 = BuiltWithUnrealBuildTool|Win32
		{73C89C8B-DBD1-4A83-9DC1-E4E474F4165C}.DebugGame|Win32.ActiveCfg = BuiltWithUnrealBuildTool|Win32
		{73C89C8B-DBD1-4A83-9DC1-E4E474F4165C}.DebugGame|Win32.Build.0 = BuiltWithUnrealBuildTool|Win32
		{73C89C8B-DBD1-4A83-9DC1-E4E474F4165C}.DebugGame|Win64.ActiveCfg = BuiltWithUnrealBuildTool|Win32
		{73C89C8B-DBD1-4A83-9DC1-E4E474F4165C}.DebugGame|Win64.Build.0 = BuiltWithUnrealBuildTool|Win32
		{73C89C8B-DBD1-4A83-9DC1-E4E474F4165C}.Development Editor|HTML5.ActiveCfg = BuiltWithUnrealBuildTool|Win32
		{73C89C8B-DBD1-4A83-9DC1-E4E474F4165C}.Development Editor|HTML5.Build.0 = BuiltWithUnrealBuildTool|Win32
		{73C89C8B-DBD1-4A83-9DC1-E4E474F4165C}.Development Editor|Win32.ActiveCfg = BuiltWithUnrealBuildTool|Win32
		{73C89C8B-DBD1-4A83-9DC1-E4E474F4165C}.Development Editor|Win32.Build.0 = BuiltWithUnrealBuildTool|Win32
		{73C89C8B-DBD1-4A83-9DC1-E4E474F4165C}.Development Editor|Win64.ActiveCfg = BuiltWithUnrealBuildTool|Win32
		{73C89C8B-DBD1-4A83-9DC1-E4E474F4165C}.Development Editor|Win64.Build.0 = BuiltWithUnrealBuildTool|Win32
		{73C89C8B-DBD1-4A83-9DC1-E4E474F4165C}.Development|HTML5.ActiveCfg = BuiltWithUnrealBuildTool|Win32
		{73C89C8B-DBD1-4A83-9DC1-E4E474F4165C}.Development|HTML5.Build.0 = BuiltWithUnrealBuildTool|Win32
		{73C89C8B-DBD1-4A83-9DC1-E4E474F4165C}.Development|Win32.ActiveCfg = BuiltWithUnrealBuildTool|Win32
		{73C89C8B-DBD1-4A83-9DC1-E4E474F4165C}.Development|Win32.Build.0 = BuiltWithUnrealBuildTool|Win32
		{73C89C8B-DBD1-4A83-9DC1-E4E474F4165C}.Development|Win64.ActiveCfg = BuiltWithUnrealBuildTool|Win32
		{73C89C8B-DBD1-4A83-9DC1-E4E474F4165C}.Development|Win64.Build.0 = BuiltWithUnrealBuildTool|Win32
		{73C89C8B-DBD1-4A83-9DC1-E4E474F4165C}.Shipping|HTML5.ActiveCfg = BuiltWithUnrealBuildTool|Win32
		{73C89C8B-DBD1-4A83-9DC1-E4E474F4165C}.Shipping|HTML5.Build.0 = BuiltWithUnrealBuildTool|Win32
		{73C89C8B-DBD1-4A83-9DC1-E4E474F4165C}.Shipping|Win32.ActiveCfg = BuiltWithUnrealBuildTool|Win32
		{73C89C8B-DBD1-4A83-9DC1-E4E474F4165C}.Shipping|Win32.Build.0 = BuiltWithUnrealBuildTool|Win32
		{73C89C8B-DBD1-4A83-9DC1-E4E474F4165C}.Shipping|Win64.ActiveCfg = BuiltWithUnrealBuildTool|Win32
		{73C89C8B-DBD1-4A83-9DC1-E4E474F4165C}.Shipping|Win64.Build.0 = BuiltWithUnrealBuildTool|Win32
		{D5F19356-1D1B-49E3-BA60-24E6576A042B}.DebugGame Editor|HTML5.ActiveCfg = HTML5_DebugGame_Editor|Win32
		{D5F19356-1D1B-49E3-BA60-24E6576A042B}.DebugGame Editor|Win32.ActiveCfg = DebugGame_Editor|Win32
		{D5F19356-1D1B-49E3-BA60-24E6576A042B}.DebugGame Editor|Win64.ActiveCfg = DebugGame_Editor|x64
		{D5F19356-1D1B-49E3-BA60-24E6576A042B}.DebugGame Editor|Win64.Build.0 = DebugGame_Editor|x64
		{D5F19356-1D1B-49E3-BA60-24E6576A042B}.DebugGame|HTML5.ActiveCfg = HTML5_DebugGame_Game|Win32
		{D5F19356-1D1B-49E3-BA60-24E6576A042B}.DebugGame|HTML5.Build.0 = HTML5_DebugGame_Game|Win32
		{D5F19356-1D1B-49E3-BA60-24E6576A042B}.DebugGame|Win32.ActiveCfg = DebugGame_Game|Win32
		{D5F19356-1D1B-49E3-BA60-24E6576A042B}.DebugGame|Win32.Build.0 = DebugGame_Game|Win32
		{D5F19356-1D1B-49E3-BA60-24E6576A042B}.DebugGame|Win64.ActiveCfg = DebugGame_Game|x64
		{D5F19356-1D1B-49E3-BA60-24E6576A042B}.DebugGame|Win64.Build.0 = DebugGame_Game|x64
		{D5F19356-1D1B-49E3-BA60-24E6576A042B}.Development Editor|HTML5.ActiveCfg = HTML5_Development_Editor|Win32
		{D5F19356-1D1B-49E3-BA60-24E6576A042B}.Development Editor|Win32.ActiveCfg = Development_Editor|Win32
		{D5F19356-1D1B-49E3-BA60-24E6576A042B}.Development Editor|Win64.ActiveCfg = Development_Editor|x64
		{D5F19356-1D1B-49E3-BA60-24E6576A042B}.Development Editor|Win64.Build.0 = Development_Editor|x64
		{D5F19356-1D1B-49E3-BA60-24E6576A042B}.Development|HTML5.ActiveCfg = HTML5_Development_Game|Win32
		{D5F19356-1D1B-49E3-BA60-24E6576A042B}.Development|HTML5.Build.0 = HTML5_Development_Game|Win32
		{D5F19356-1D1B-49E3-BA60-24E6576A042B}.Development|Win32.ActiveCfg = Development_Game|Win32
		{D5F19356-1D1B-49E3-BA60-24E6576A042B}.Development|Win32.Build.0 = Development_Game|Win32
		{D5F19356-1D1B-49E3-BA60-24E6576A042B}.Development|Win64.ActiveCfg = Development_Game|x64
		{D5F19356-1D1B-49E3-BA60-24E6576A042B}.Development|Win64.Build.0 = Development_Game|x64
		{D5F19356-1D1B-49E3-BA60-24E6576A042B}.Shipping|HTML5.ActiveCfg = HTML5_Shipping_Game|Win32
		{D5F19356-1D1B-49E3-BA60-24E6576A042B}.Shipping|HTML5.Build.0 = HTML5_Shipping_Game|Win32
		{D5F19356-1D1B-49E3-BA60-24E6576A042B}.Shipping|Win32.ActiveCfg = Shipping_Game|Win32
		{D5F19356-1D1B-49E3-BA60-24E6576A042B}.Shipping|Win32.Build.0 = Shipping_Game|Win32
		{D5F19356-1D1B-49E3-BA60-24E6576A042B}.Shipping|Win64.ActiveCfg = Shipping_Game|x64
		{D5F19356-1D1B-49E3-BA60-24E6576A042B}.Shipping|Win64.Build.0 = Shipping_Game|x64
	EndGlobalSection
	GlobalSection(SolutionProperties) = preSolution
		HideSolutionNode = FALSE
	EndGlobalSection
	GlobalSection(NestedProjects) = preSolution
		{73C89C8B-DBD1-4A83-9DC1-E4E474F4165C} = {91398C5C-17BD-4FCD-BAD9-79BCB424329E}
		{D5F19356-1D1B-49E3-BA60-24E6576A042B} = {B0DAA606-94E9-4AF3-BA0B-093577F2A3A1}
	EndGlobalSection
EndGlobal
